
Microsoft Visual Studio Solution File, Format Version 12.00
# Visual Studio Version 17
VisualStudioVersion = 17.0.32112.339
MinimumVisualStudioVersion = 10.0.40219.1
Project("{FAE04EC0-301F-11D3-BF4B-00C04F79EFBC}") = "start game", "start game\start game.csproj", "{6902C91B-30AF-4E9B-9C15-8D4A6DE73597}"
EndProject
Global
	GlobalSection(SolutionConfigurationPlatforms) = preSolution
		Debug|Any CPU = Debug|Any CPU
		Release|Any CPU = Release|Any CPU
	EndGlobalSection
	GlobalSection(ProjectConfigurationPlatforms) = postSolution
		{6902C91B-30AF-4E9B-9C15-8D4A6DE73597}.Debug|Any CPU.ActiveCfg = Debug|Any CPU
		{6902C91B-30AF-4E9B-9C15-8D4A6DE73597}.Debug|Any CPU.Build.0 = Debug|Any CPU
		{6902C91B-30AF-4E9B-9C15-8D4A6DE73597}.Release|Any CPU.ActiveCfg = Release|Any CPU
		{6902C91B-30AF-4E9B-9C15-8D4A6DE73597}.Release|Any CPU.Build.0 = Release|Any CPU
	EndGlobalSection
	GlobalSection(SolutionProperties) = preSolution
		HideSolutionNode = FALSE
	EndGlobalSection
	GlobalSection(ExtensibilityGlobals) = postSolution
		SolutionGuid = {667A19DB-E34F-40A6-B4CF-978C731CC190}
	EndGlobalSection
EndGlobal
